
Microsoft Visual Studio Solution File, Format Version 12.00
# Visual Studio Version 17
VisualStudioVersion = 17.9.34728.123
MinimumVisualStudioVersion = 10.0.40219.1
Project("{9A19103F-16F7-4668-BE54-9A1E7A4F7556}") = "OBControl", "OBControl.csproj", "{AE4F29D7-6ED9-4A89-BDB0-3D6D7A87A756}"
EndProject
Project("{9A19103F-16F7-4668-BE54-9A1E7A4F7556}") = "DataCore", "..\DataCore\DataCore.csproj", "{1E1D85BC-1334-4EA3-A273-18A29E138FE9}"
EndProject
Project("{9A19103F-16F7-4668-BE54-9A1E7A4F7556}") = "ElroubyMauiLibraryPlus", "..\ElroubyMauiLibraryPlus\ElroubyMauiLibraryPlus.csproj", "{A1A7EDB0-D1CE-474D-93E8-E543D4E15D6A}"
EndProject
Global
	GlobalSection(SolutionConfigurationPlatforms) = preSolution
		Debug|Any CPU = Debug|Any CPU
		Release|Any CPU = Release|Any CPU
	EndGlobalSection
	GlobalSection(ProjectConfigurationPlatforms) = postSolution
		{AE4F29D7-6ED9-4A89-BDB0-3D6D7A87A756}.Debug|Any CPU.ActiveCfg = Debug|Any CPU
		{AE4F29D7-6ED9-4A89-BDB0-3D6D7A87A756}.Debug|Any CPU.Build.0 = Debug|Any CPU
		{AE4F29D7-6ED9-4A89-BDB0-3D6D7A87A756}.Debug|Any CPU.Deploy.0 = Debug|Any CPU
		{AE4F29D7-6ED9-4A89-BDB0-3D6D7A87A756}.Release|Any CPU.ActiveCfg = Release|Any CPU
		{AE4F29D7-6ED9-4A89-BDB0-3D6D7A87A756}.Release|Any CPU.Build.0 = Release|Any CPU
		{AE4F29D7-6ED9-4A89-BDB0-3D6D7A87A756}.Release|Any CPU.Deploy.0 = Release|Any CPU
		{1E1D85BC-1334-4EA3-A273-18A29E138FE9}.Debug|Any CPU.ActiveCfg = Debug|Any CPU
		{1E1D85BC-1334-4EA3-A273-18A29E138FE9}.Debug|Any CPU.Build.0 = Debug|Any CPU
		{1E1D85BC-1334-4EA3-A273-18A29E138FE9}.Release|Any CPU.ActiveCfg = Release|Any CPU
		{1E1D85BC-1334-4EA3-A273-18A29E138FE9}.Release|Any CPU.Build.0 = Release|Any CPU
		{A1A7EDB0-D1CE-474D-93E8-E543D4E15D6A}.Debug|Any CPU.ActiveCfg = Debug|Any CPU
		{A1A7EDB0-D1CE-474D-93E8-E543D4E15D6A}.Debug|Any CPU.Build.0 = Debug|Any CPU
		{A1A7EDB0-D1CE-474D-93E8-E543D4E15D6A}.Release|Any CPU.ActiveCfg = Release|Any CPU
		{A1A7EDB0-D1CE-474D-93E8-E543D4E15D6A}.Release|Any CPU.Build.0 = Release|Any CPU
	EndGlobalSection
	GlobalSection(SolutionProperties) = preSolution
		HideSolutionNode = FALSE
	EndGlobalSection
	GlobalSection(ExtensibilityGlobals) = postSolution
		SolutionGuid = {73786B5F-743C-44F3-949D-F3C0F15C7178}
	EndGlobalSection
EndGlobal
